
Microsoft Visual Studio Solution File, Format Version 12.00
# Visual Studio Version 16
VisualStudioVersion = 16.0.29905.134
MinimumVisualStudioVersion = 10.0.40219.1
Project("{FAE04EC0-301F-11D3-BF4B-00C04F79EFBC}") = "SampleDotNetCoreWebApp", "SampleDotNetCoreWebApp\SampleDotNetCoreWebApp.csproj", "{4088F259-2297-420A-9DC4-46F5C695B3D2}"
EndProject
Global
	GlobalSection(SolutionConfigurationPlatforms) = preSolution
		Debug|Any CPU = Debug|Any CPU
		Release|Any CPU = Release|Any CPU
	EndGlobalSection
	GlobalSection(ProjectConfigurationPlatforms) = postSolution
		{4088F259-2297-420A-9DC4-46F5C695B3D2}.Debug|Any CPU.ActiveCfg = Debug|Any CPU
		{4088F259-2297-420A-9DC4-46F5C695B3D2}.Debug|Any CPU.Build.0 = Debug|Any CPU
		{4088F259-2297-420A-9DC4-46F5C695B3D2}.Release|Any CPU.ActiveCfg = Release|Any CPU
		{4088F259-2297-420A-9DC4-46F5C695B3D2}.Release|Any CPU.Build.0 = Release|Any CPU
	EndGlobalSection
	GlobalSection(SolutionProperties) = preSolution
		HideSolutionNode = FALSE
	EndGlobalSection
	GlobalSection(ExtensibilityGlobals) = postSolution
		SolutionGuid = {229FDBCD-2BCA-432B-9026-5CF80BF3B40C}
	EndGlobalSection
EndGlobal
